
Microsoft Visual Studio Solution File, Format Version 12.00
# Visual Studio Version 16
VisualStudioVersion = 16.0.31410.357
MinimumVisualStudioVersion = 10.0.40219.1
Project("{FAE04EC0-301F-11D3-BF4B-00C04F79EFBC}") = "Generic-Stack", "Generic-Stack\Generic-Stack.csproj", "{B7419CAB-EBBC-4103-BE95-4BF9C822994D}"
EndProject
Global
	GlobalSection(SolutionConfigurationPlatforms) = preSolution
		Debug|Any CPU = Debug|Any CPU
		Release|Any CPU = Release|Any CPU
	EndGlobalSection
	GlobalSection(ProjectConfigurationPlatforms) = postSolution
		{B7419CAB-EBBC-4103-BE95-4BF9C822994D}.Debug|Any CPU.ActiveCfg = Debug|Any CPU
		{B7419CAB-EBBC-4103-BE95-4BF9C822994D}.Debug|Any CPU.Build.0 = Debug|Any CPU
		{B7419CAB-EBBC-4103-BE95-4BF9C822994D}.Release|Any CPU.ActiveCfg = Release|Any CPU
		{B7419CAB-EBBC-4103-BE95-4BF9C822994D}.Release|Any CPU.Build.0 = Release|Any CPU
	EndGlobalSection
	GlobalSection(SolutionProperties) = preSolution
		HideSolutionNode = FALSE
	EndGlobalSection
	GlobalSection(ExtensibilityGlobals) = postSolution
		SolutionGuid = {A8048347-093C-41F4-B5D9-287C443EF08F}
	EndGlobalSection
EndGlobal
